{
  "name": "test",
  "lockfileVersion": 3,
  "requires": true,
  "packages": {
    "": {
      "dependencies": {
        "@izanamidev/gitnode": "^1.0.0"
      }
    },
    "node_modules/@izanamidev/gitnode": {
      "version": "1.0.0",
      "resolved": "https://registry.npmjs.org/@izanamidev/gitnode/-/gitnode-1.0.0.tgz",
      "integrity": "sha512-MVwPm/msM/7ZNaCiKwS3V0SESkOjTi7wnEbTULfl0mxOG1YsQ1bLuYUr42PIHn3uVIJtT8SLfCrAUydhjxoiHA=="
    }
  }
}
